PODS:
  - SnapKit (5.0.1)
  - Sourcery (0.17.0)

DEPENDENCIES:
  - SnapKit (~> 5.0.0)
  - Sourcery

SPEC REPOS:
  https://github.com/cocoapods/specs.git:
    - SnapKit
    - Sourcery

SPEC CHECKSUMS:
  SnapKit: 97b92857e3df3a0c71833cce143274bf6ef8e5eb
  Sourcery: 3ed61be7c8a1218fce349266139379dba477efe0

PODFILE CHECKSUM: aa7c19efe918e6582703fd290506c8454dc5267e

COCOAPODS: 1.6.1
