PODS:
  - SnapKit (5.0.1)
  - Sourcery (1.0.0)

DEPENDENCIES:
  - SnapKit (~> 5.0.0)
  - Sourcery

SPEC REPOS:
  trunk:
    - SnapKit
    - Sourcery

SPEC CHECKSUMS:
  SnapKit: 97b92857e3df3a0c71833cce143274bf6ef8e5eb
  Sourcery: 928a146ea9b777fa64b0c6ce915c4128b4488cff

PODFILE CHECKSUM: a36b1a7c9344ce7e4523594d4d397202136cc354

COCOAPODS: 1.9.3
