// !$*UTF8*$!
{
	archiveVersion = 1;
	classes = {
	};
	objectVersion = 50;
	objects = {

/* Begin PBXBuildFile section */
		AA5A52DA23F56A2F00E945FA /* AppDelegate.swift in Sources */ = {isa = PBXBuildFile; fileRef = AA5A52D923F56A2F00E945FA /* AppDelegate.swift */; };
		AA5A52DC23F56A2F00E945FA /* SceneDelegate.swift in Sources */ = {isa = PBXBuildFile; fileRef = AA5A52DB23F56A2F00E945FA /* SceneDelegate.swift */; };
		AA5A52DE23F56A2F00E945FA /* ViewController.swift in Sources */ = {isa = PBXBuildFile; fileRef = AA5A52DD23F56A2F00E945FA /* ViewController.swift */; };
		AA5A52E123F56A2F00E945FA /* Main.storyboard in Resources */ = {isa = PBXBuildFile; fileRef = AA5A52DF23F56A2F00E945FA /* Main.storyboard */; };
		AA5A52E423F56A2F00E945FA /* Marvel_test_example_app.xcdatamodeld in Sources */ = {isa = PBXBuildFile; fileRef = AA5A52E223F56A2F00E945FA /* Marvel_test_example_app.xcdatamodeld */; };
		AA5A52E623F56A3100E945FA /* Assets.xcassets in Resources */ = {isa = PBXBuildFile; fileRef = AA5A52E523F56A3100E945FA /* Assets.xcassets */; };
		AA5A52E923F56A3100E945FA /* LaunchScreen.storyboard in Resources */ = {isa = PBXBuildFile; fileRef = AA5A52E723F56A3100E945FA /* LaunchScreen.storyboard */; };
/* End PBXBuildFile section */

/* Begin PBXFileReference section */
		AA5A52D623F56A2F00E945FA /* Marvel_test_example_app.app */ = {isa = PBXFileReference; explicitFileType = wrapper.application; includeInIndex = 0; path = Marvel_test_example_app.app; sourceTree = BUILT_PRODUCTS_DIR; };
		AA5A52D923F56A2F00E945FA /* AppDelegate.swift */ = {isa = PBXFileReference; lastKnownFileType = sourcecode.swift; path = AppDelegate.swift; sourceTree = "<group>"; };
		AA5A52DB23F56A2F00E945FA /* SceneDelegate.swift */ = {isa = PBXFileReference; lastKnownFileType = sourcecode.swift; path = SceneDelegate.swift; sourceTree = "<group>"; };
		AA5A52DD23F56A2F00E945FA /* ViewController.swift */ = {isa = PBXFileReference; lastKnownFileType = sourcecode.swift; path = ViewController.swift; sourceTree = "<group>"; };
		AA5A52E023F56A2F00E945FA /* Base */ = {isa = PBXFileReference; lastKnownFileType = file.storyboard; name = Base; path = Base.lproj/Main.storyboard; sourceTree = "<group>"; };
		AA5A52E323F56A2F00E945FA /* Marvel_test_example_app.xcdatamodel */ = {isa = PBXFileReference; lastKnownFileType = wrapper.xcdatamodel; path = Marvel_test_example_app.xcdatamodel; sourceTree = "<group>"; };
		AA5A52E523F56A3100E945FA /* Assets.xcassets */ = {isa = PBXFileReference; lastKnownFileType = folder.assetcatalog; path = Assets.xcassets; sourceTree = "<group>"; };
		AA5A52E823F56A3100E945FA /* Base */ = {isa = PBXFileReference; lastKnownFileType = file.storyboard; name = Base; path = Base.lproj/LaunchScreen.storyboard; sourceTree = "<group>"; };
		AA5A52EA23F56A3100E945FA /* Info.plist */ = {isa = PBXFileReference; lastKnownFileType = text.plist.xml; path = Info.plist; sourceTree = "<group>"; };
/* End PBXFileReference section */

/* Begin PBXFrameworksBuildPhase section */
		AA5A52D323F56A2F00E945FA /* Frameworks */ = {
			isa = PBXFrameworksBuildPhase;
			buildActionMask = 2147483647;
			files = (
			);
			runOnlyForDeploymentPostprocessing = 0;
		};
/* End PBXFrameworksBuildPhase section */

/* Begin PBXGroup section */
		AA5A52CD23F56A2F00E945FA = {
			isa = PBXGroup;
			children = (
				AA5A52D823F56A2F00E945FA /* Marvel_test_example_app */,
				AA5A52D723F56A2F00E945FA /* Products */,
			);
			sourceTree = "<group>";
		};
		AA5A52D723F56A2F00E945FA /* Products */ = {
			isa = PBXGroup;
			children = (
				AA5A52D623F56A2F00E945FA /* Marvel_test_example_app.app */,
			);
			name = Products;
			sourceTree = "<group>";
		};
		AA5A52D823F56A2F00E945FA /* Marvel_test_example_app */ = {
			isa = PBXGroup;
			children = (
				AA5A52D923F56A2F00E945FA /* AppDelegate.swift */,
				AA5A52DB23F56A2F00E945FA /* SceneDelegate.swift */,
				AA5A52DD23F56A2F00E945FA /* ViewController.swift */,
				AA5A52DF23F56A2F00E945FA /* Main.storyboard */,
				AA5A52E523F56A3100E945FA /* Assets.xcassets */,
				AA5A52E723F56A3100E945FA /* LaunchScreen.storyboard */,
				AA5A52EA23F56A3100E945FA /* Info.plist */,
				AA5A52E223F56A2F00E945FA /* Marvel_test_example_app.xcdatamodeld */,
			);
			path = Marvel_test_example_app;
			sourceTree = "<group>";
		};
/* End PBXGroup section */

/* Begin PBXNativeTarget section */
		AA5A52D523F56A2F00E945FA /* Marvel_test_example_app */ = {
			isa = PBXNativeTarget;
			buildConfigurationList = AA5A52ED23F56A3100E945FA /* Build configuration list for PBXNativeTarget "Marvel_test_example_app" */;
			buildPhases = (
				AA5A52D223F56A2F00E945FA /* Sources */,
				AA5A52D323F56A2F00E945FA /* Frameworks */,
				AA5A52D423F56A2F00E945FA /* Resources */,
			);
			buildRules = (
			);
			dependencies = (
			);
			name = Marvel_test_example_app;
			productName = Marvel_test_example_app;
			productReference = AA5A52D623F56A2F00E945FA /* Marvel_test_example_app.app */;
			productType = "com.apple.product-type.application";
		};
/* End PBXNativeTarget section */

/* Begin PBXProject section */
		AA5A52CE23F56A2F00E945FA /* Project object */ = {
			isa = PBXProject;
			attributes = {
				LastSwiftUpdateCheck = 1130;
				LastUpgradeCheck = 1130;
				ORGANIZATIONNAME = "Artur Stepaniuk";
				TargetAttributes = {
					AA5A52D523F56A2F00E945FA = {
						CreatedOnToolsVersion = 11.3;
					};
				};
			};
			buildConfigurationList = AA5A52D123F56A2F00E945FA /* Build configuration list for PBXProject "Marvel_test_example_app" */;
			compatibilityVersion = "Xcode 9.3";
			developmentRegion = en;
			hasScannedForEncodings = 0;
			knownRegions = (
				en,
				Base,
			);
			mainGroup = AA5A52CD23F56A2F00E945FA;
			productRefGroup = AA5A52D723F56A2F00E945FA /* Products */;
			projectDirPath = "";
			projectRoot = "";
			targets = (
				AA5A52D523F56A2F00E945FA /* Marvel_test_example_app */,
			);
		};
/* End PBXProject section */

/* Begin PBXResourcesBuildPhase section */
		AA5A52D423F56A2F00E945FA /* Resources */ = {
			isa = PBXResourcesBuildPhase;
			buildActionMask = 2147483647;
			files = (
				AA5A52E923F56A3100E945FA /* LaunchScreen.storyboard in Resources */,
				AA5A52E623F56A3100E945FA /* Assets.xcassets in Resources */,
				AA5A52E123F56A2F00E945FA /* Main.storyboard in Resources */,
			);
			runOnlyForDeploymentPostprocessing = 0;
		};
/* End PBXResourcesBuildPhase section */

/* Begin PBXSourcesBuildPhase section */
		AA5A52D223F56A2F00E945FA /* Sources */ = {
			isa = PBXSourcesBuildPhase;
			buildActionMask = 2147483647;
			files = (
				AA5A52DE23F56A2F00E945FA /* ViewController.swift in Sources */,
				AA5A52E423F56A2F00E945FA /* Marvel_test_example_app.xcdatamodeld in Sources */,
				AA5A52DA23F56A2F00E945FA /* AppDelegate.swift in Sources */,
				AA5A52DC23F56A2F00E945FA /* SceneDelegate.swift in Sources */,
			);
			runOnlyForDeploymentPostprocessing = 0;
		};
/* End PBXSourcesBuildPhase section */

/* Begin PBXVariantGroup section */
		AA5A52DF23F56A2F00E945FA /* Main.storyboard */ = {
			isa = PBXVariantGroup;
			children = (
				AA5A52E023F56A2F00E945FA /* Base */,
			);
			name = Main.storyboard;
			sourceTree = "<group>";
		};
		AA5A52E723F56A3100E945FA /* LaunchScreen.storyboard */ = {
			isa = PBXVariantGroup;
			children = (
				AA5A52E823F56A3100E945FA /* Base */,
			);
			name = LaunchScreen.storyboard;
			sourceTree = "<group>";
		};
/* End PBXVariantGroup section */

/* Begin XCBuildConfiguration section */
		AA5A52EB23F56A3100E945FA /* Debug */ = {
			isa = XCBuildConfiguration;
			buildSettings = {
				ALWAYS_SEARCH_USER_PATHS = NO;
				CLANG_ANALYZER_NONNULL = YES;
				CLANG_ANALYZER_NUMBER_OBJECT_CONVERSION = YES_AGGRESSIVE;
				CLANG_CXX_LANGUAGE_STANDARD = "gnu++14";
				CLANG_CXX_LIBRARY = "libc++";
				CLANG_ENABLE_MODULES = YES;
				CLANG_ENABLE_OBJC_ARC = YES;
				CLANG_ENABLE_OBJC_WEAK = YES;
				CLANG_WARN_BLOCK_CAPTURE_AUTORELEASING = YES;
				CLANG_WARN_BOOL_CONVERSION = YES;
				CLANG_WARN_COMMA = YES;
				CLANG_WARN_CONSTANT_CONVERSION = YES;
				CLANG_WARN_DEPRECATED_OBJC_IMPLEMENTATIONS = YES;
				CLANG_WARN_DIRECT_OBJC_ISA_USAGE = YES_ERROR;
				CLANG_WARN_DOCUMENTATION_COMMENTS = YES;
				CLANG_WARN_EMPTY_BODY = YES;
				CLANG_WARN_ENUM_CONVERSION = YES;
				CLANG_WARN_INFINITE_RECURSION = YES;
				CLANG_WARN_INT_CONVERSION = YES;
				CLANG_WARN_NON_LITERAL_NULL_CONVERSION = YES;
				CLANG_WARN_OBJC_IMPLICIT_RETAIN_SELF = YES;
				CLANG_WARN_OBJC_LITERAL_CONVERSION = YES;
				CLANG_WARN_OBJC_ROOT_CLASS = YES_ERROR;
				CLANG_WARN_RANGE_LOOP_ANALYSIS = YES;
				CLANG_WARN_STRICT_PROTOTYPES = YES;
				CLANG_WARN_SUSPICIOUS_MOVE = YES;
				CLANG_WARN_UNGUARDED_AVAILABILITY = YES_AGGRESSIVE;
				CLANG_WARN_UNREACHABLE_CODE = YES;
				CLANG_WARN__DUPLICATE_METHOD_MATCH = YES;
				COPY_PHASE_STRIP = NO;
				DEBUG_INFORMATION_FORMAT = dwarf;
				ENABLE_STRICT_OBJC_MSGSEND = YES;
				ENABLE_TESTABILITY = YES;
				GCC_C_LANGUAGE_STANDARD = gnu11;
				GCC_DYNAMIC_NO_PIC = NO;
				GCC_NO_COMMON_BLOCKS = YES;
				GCC_OPTIMIZATION_LEVEL = 0;
				GCC_PREPROCESSOR_DEFINITIONS = (
					"DEBUG=1",
					"$(inherited)",
				);
				GCC_WARN_64_TO_32_BIT_CONVERSION = YES;
				GCC_WARN_ABOUT_RETURN_TYPE = YES_ERROR;
				GCC_WARN_UNDECLARED_SELECTOR = YES;
				GCC_WARN_UNINITIALIZED_AUTOS = YES_AGGRESSIVE;
				GCC_WARN_UNUSED_FUNCTION = YES;
				GCC_WARN_UNUSED_VARIABLE = YES;
				IPHONEOS_DEPLOYMENT_TARGET = 13.2;
				MTL_ENABLE_DEBUG_INFO = INCLUDE_SOURCE;
				MTL_FAST_MATH = YES;
				ONLY_ACTIVE_ARCH = YES;
				SDKROOT = iphoneos;
				SWIFT_ACTIVE_COMPILATION_CONDITIONS = DEBUG;
				SWIFT_OPTIMIZATION_LEVEL = "-Onone";
			};
			name = Debug;
		};
		AA5A52EC23F56A3100E945FA /* Release */ = {
			isa = XCBuildConfiguration;
			buildSettings = {
				ALWAYS_SEARCH_USER_PATHS = NO;
				CLANG_ANALYZER_NONNULL = YES;
				CLANG_ANALYZER_NUMBER_OBJECT_CONVERSION = YES_AGGRESSIVE;
				CLANG_CXX_LANGUAGE_STANDARD = "gnu++14";
				CLANG_CXX_LIBRARY = "libc++";
				CLANG_ENABLE_MODULES = YES;
				CLANG_ENABLE_OBJC_ARC = YES;
				CLANG_ENABLE_OBJC_WEAK = YES;
				CLANG_WARN_BLOCK_CAPTURE_AUTORELEASING = YES;
				CLANG_WARN_BOOL_CONVERSION = YES;
				CLANG_WARN_COMMA = YES;
				CLANG_WARN_CONSTANT_CONVERSION = YES;
				CLANG_WARN_DEPRECATED_OBJC_IMPLEMENTATIONS = YES;
				CLANG_WARN_DIRECT_OBJC_ISA_USAGE = YES_ERROR;
				CLANG_WARN_DOCUMENTATION_COMMENTS = YES;
				CLANG_WARN_EMPTY_BODY = YES;
				CLANG_WARN_ENUM_CONVERSION = YES;
				CLANG_WARN_INFINITE_RECURSION = YES;
				CLANG_WARN_INT_CONVERSION = YES;
				CLANG_WARN_NON_LITERAL_NULL_CONVERSION = YES;
				CLANG_WARN_OBJC_IMPLICIT_RETAIN_SELF = YES;
				CLANG_WARN_OBJC_LITERAL_CONVERSION = YES;
				CLANG_WARN_OBJC_ROOT_CLASS = YES_ERROR;
				CLANG_WARN_RANGE_LOOP_ANALYSIS = YES;
				CLANG_WARN_STRICT_PROTOTYPES = YES;
				CLANG_WARN_SUSPICIOUS_MOVE = YES;
				CLANG_WARN_UNGUARDED_AVAILABILITY = YES_AGGRESSIVE;
				CLANG_WARN_UNREACHABLE_CODE = YES;
				CLANG_WARN__DUPLICATE_METHOD_MATCH = YES;
				COPY_PHASE_STRIP = NO;
				DEBUG_INFORMATION_FORMAT = "dwarf-with-dsym";
				ENABLE_NS_ASSERTIONS = NO;
				ENABLE_STRICT_OBJC_MSGSEND = YES;
				GCC_C_LANGUAGE_STANDARD = gnu11;
				GCC_NO_COMMON_BLOCKS = YES;
				GCC_WARN_64_TO_32_BIT_CONVERSION = YES;
				GCC_WARN_ABOUT_RETURN_TYPE = YES_ERROR;
				GCC_WARN_UNDECLARED_SELECTOR = YES;
				GCC_WARN_UNINITIALIZED_AUTOS = YES_AGGRESSIVE;
				GCC_WARN_UNUSED_FUNCTION = YES;
				GCC_WARN_UNUSED_VARIABLE = YES;
				IPHONEOS_DEPLOYMENT_TARGET = 13.2;
				MTL_ENABLE_DEBUG_INFO = NO;
				MTL_FAST_MATH = YES;
				SDKROOT = iphoneos;
				SWIFT_COMPILATION_MODE = wholemodule;
				SWIFT_OPTIMIZATION_LEVEL = "-O";
				VALIDATE_PRODUCT = YES;
			};
			name = Release;
		};
		AA5A52EE23F56A3100E945FA /* Debug */ = {
			isa = XCBuildConfiguration;
			buildSettings = {
				ASSETCATALOG_COMPILER_APPICON_NAME = AppIcon;
				CODE_SIGN_STYLE = Automatic;
				DEVELOPMENT_TEAM = D6W6NKB97C;
				INFOPLIST_FILE = Marvel_test_example_app/Info.plist;
				LD_RUNPATH_SEARCH_PATHS = (
					"$(inherited)",
					"@executable_path/Frameworks",
				);
				PRODUCT_BUNDLE_IDENTIFIER = "private.Marvel-test-example-app";
				PRODUCT_NAME = "$(TARGET_NAME)";
				SWIFT_VERSION = 5.0;
				TARGETED_DEVICE_FAMILY = "1,2";
			};
			name = Debug;
		};
		AA5A52EF23F56A3100E945FA /* Release */ = {
			isa = XCBuildConfiguration;
			buildSettings = {
				ASSETCATALOG_COMPILER_APPICON_NAME = AppIcon;
				CODE_SIGN_STYLE = Automatic;
				DEVELOPMENT_TEAM = D6W6NKB97C;
				INFOPLIST_FILE = Marvel_test_example_app/Info.plist;
				LD_RUNPATH_SEARCH_PATHS = (
					"$(inherited)",
					"@executable_path/Frameworks",
				);
				PRODUCT_BUNDLE_IDENTIFIER = "private.Marvel-test-example-app";
				PRODUCT_NAME = "$(TARGET_NAME)";
				SWIFT_VERSION = 5.0;
				TARGETED_DEVICE_FAMILY = "1,2";
			};
			name = Release;
		};
/* End XCBuildConfiguration section */

/* Begin XCConfigurationList section */
		AA5A52D123F56A2F00E945FA /* Build configuration list for PBXProject "Marvel_test_example_app" */ = {
			isa = XCConfigurationList;
			buildConfigurations = (
				AA5A52EB23F56A3100E945FA /* Debug */,
				AA5A52EC23F56A3100E945FA /* Release */,
			);
			defaultConfigurationIsVisible = 0;
			defaultConfigurationName = Release;
		};
		AA5A52ED23F56A3100E945FA /* Build configuration list for PBXNativeTarget "Marvel_test_example_app" */ = {
			isa = XCConfigurationList;
			buildConfigurations = (
				AA5A52EE23F56A3100E945FA /* Debug */,
				AA5A52EF23F56A3100E945FA /* Release */,
			);
			defaultConfigurationIsVisible = 0;
			defaultConfigurationName = Release;
		};
/* End XCConfigurationList section */

/* Begin XCVersionGroup section */
		AA5A52E223F56A2F00E945FA /* Marvel_test_example_app.xcdatamodeld */ = {
			isa = XCVersionGroup;
			children = (
				AA5A52E323F56A2F00E945FA /* Marvel_test_example_app.xcdatamodel */,
			);
			currentVersion = AA5A52E323F56A2F00E945FA /* Marvel_test_example_app.xcdatamodel */;
			path = Marvel_test_example_app.xcdatamodeld;
			sourceTree = "<group>";
			versionGroupType = wrapper.xcdatamodel;
		};
/* End XCVersionGroup section */
	};
	rootObject = AA5A52CE23F56A2F00E945FA /* Project object */;
}
